github.com/goyek/goyek/v2 v2.3.0 h1:ZQlQZp+JOkbZXuPNw6SbeQxYMRKB0Gm3nbC2K9IY1r4=
github.com/goyek/goyek/v2 v2.3.0/go.mod h1:VKzmleKfV5LB9f20Xg5umuPC4XfSdDXwPNesfr1RsLU=
github.com/goyek/x v0.3.0 h1:JEgcLmqnxAPFR7/IqPMBoSRUcvykNS3o7YCVrC1VKHQ=
github.com/goyek/x v0.3.0/go.mod h1:mgGZpAHdFAW9vEpq+aGFF36DTo/zRjmE7z4BMKVqD7g=
github.com/mattn/go-shellwords v1.0.12 h1:M2zGm7EW6UQJvDeQxo4T51eKPurbeFbe8WtebGE2xrk=
github.com/mattn/go-shellwords v1.0.12/go.mod h1:EZzvwXDESEeg03EKmM+RmDnNOPKG4lLtQsUlTZDWQ8Y=
github.com/spf13/afero v1.14.0 h1:9tH6MapGnn/j0eb0yIXiLjERO8RB6xIVZRDCX7PtqWA=
github.com/spf13/afero v1.14.0/go.mod h1:acJQ8t0ohCGuMN3O+Pv0V0hgMxNYDlvdk+VTfyZmbYo=
golang.org/x/text v0.27.0 h1:4fGWRpyh641NLlecmyl4LOe6yDdfaYNrGb2zdfo4JV4=
golang.org/x/text v0.27.0/go.mod h1:1D28KMCvyooCX9hBiosv5Tz/+YLxj0j7XhWjpSUF7CU=
